
Microsoft Visual Studio Solution File, Format Version 12.00
Project("{FAE04EC0-301F-11D3-BF4B-00C04F79EFBC}") = "CodeCorrida.Web", "CodeCorrida.Web\CodeCorrida.Web.csproj", "{5C54BD8D-9507-4129-98F5-E08EB6235BAC}"
EndProject
Project("{FAE04EC0-301F-11D3-BF4B-00C04F79EFBC}") = "CodeCorrida.Domain", "CodeCorrida.Domain\CodeCorrida.Domain.csproj", "{5BFF0787-CCC3-41E1-8C9B-B9F468651709}"
EndProject
Project("{FAE04EC0-301F-11D3-BF4B-00C04F79EFBC}") = "CodeCorrida.Application", "CodeCorrida.Application\CodeCorrida.Application.csproj", "{9C9EF7FE-E83E-441E-9D3B-3CC2D4FFBF81}"
EndProject
Project("{FAE04EC0-301F-11D3-BF4B-00C04F79EFBC}") = "CodeCorrida.Contracts.DataAccess", "CodeCorrida.Contracts.DataAccess \CodeCorrida.Contracts.DataAccess.csproj", "{459DA8E8-0D54-4D34-A58B-844C5F801AB6}"
EndProject
Project("{FAE04EC0-301F-11D3-BF4B-00C04F79EFBC}") = "CodeCorrida.Infrastructure.DataAccess", "CodeCorrida.Infrastructure.DataAccess \CodeCorrida.Infrastructure.DataAccess.csproj", "{9CC8F58E-55B5-4DC6-B118-C4354CE97236}"
EndProject
Project("{FAE04EC0-301F-11D3-BF4B-00C04F79EFBC}") = "CodeCorrida.Contracts.Mapper", "CodeCorrida.Contracts.Mapper\CodeCorrida.Contracts.Mapper.csproj", "{037818CE-9491-475F-A0FC-256D40FF518A}"
EndProject
Project("{FAE04EC0-301F-11D3-BF4B-00C04F79EFBC}") = "CodeCorrida.Infrastructure.Mapster", "CodeCorrida.Infrastructure.Mapster \CodeCorrida.Infrastructure.Mapster.csproj", "{B0D41C65-8F9F-427E-8B0D-A5F9380F627A}"
EndProject
Global
	GlobalSection(SolutionConfigurationPlatforms) = preSolution
		Debug|Any CPU = Debug|Any CPU
		Release|Any CPU = Release|Any CPU
	EndGlobalSection
	GlobalSection(ProjectConfigurationPlatforms) = postSolution
		{5C54BD8D-9507-4129-98F5-E08EB6235BAC}.Debug|Any CPU.ActiveCfg = Debug|Any CPU
		{5C54BD8D-9507-4129-98F5-E08EB6235BAC}.Debug|Any CPU.Build.0 = Debug|Any CPU
		{5C54BD8D-9507-4129-98F5-E08EB6235BAC}.Release|Any CPU.ActiveCfg = Release|Any CPU
		{5C54BD8D-9507-4129-98F5-E08EB6235BAC}.Release|Any CPU.Build.0 = Release|Any CPU
		{5BFF0787-CCC3-41E1-8C9B-B9F468651709}.Debug|Any CPU.ActiveCfg = Debug|Any CPU
		{5BFF0787-CCC3-41E1-8C9B-B9F468651709}.Debug|Any CPU.Build.0 = Debug|Any CPU
		{5BFF0787-CCC3-41E1-8C9B-B9F468651709}.Release|Any CPU.ActiveCfg = Release|Any CPU
		{5BFF0787-CCC3-41E1-8C9B-B9F468651709}.Release|Any CPU.Build.0 = Release|Any CPU
		{9C9EF7FE-E83E-441E-9D3B-3CC2D4FFBF81}.Debug|Any CPU.ActiveCfg = Debug|Any CPU
		{9C9EF7FE-E83E-441E-9D3B-3CC2D4FFBF81}.Debug|Any CPU.Build.0 = Debug|Any CPU
		{9C9EF7FE-E83E-441E-9D3B-3CC2D4FFBF81}.Release|Any CPU.ActiveCfg = Release|Any CPU
		{9C9EF7FE-E83E-441E-9D3B-3CC2D4FFBF81}.Release|Any CPU.Build.0 = Release|Any CPU
		{459DA8E8-0D54-4D34-A58B-844C5F801AB6}.Debug|Any CPU.ActiveCfg = Debug|Any CPU
		{459DA8E8-0D54-4D34-A58B-844C5F801AB6}.Debug|Any CPU.Build.0 = Debug|Any CPU
		{459DA8E8-0D54-4D34-A58B-844C5F801AB6}.Release|Any CPU.ActiveCfg = Release|Any CPU
		{459DA8E8-0D54-4D34-A58B-844C5F801AB6}.Release|Any CPU.Build.0 = Release|Any CPU
		{9CC8F58E-55B5-4DC6-B118-C4354CE97236}.Debug|Any CPU.ActiveCfg = Debug|Any CPU
		{9CC8F58E-55B5-4DC6-B118-C4354CE97236}.Debug|Any CPU.Build.0 = Debug|Any CPU
		{9CC8F58E-55B5-4DC6-B118-C4354CE97236}.Release|Any CPU.ActiveCfg = Release|Any CPU
		{9CC8F58E-55B5-4DC6-B118-C4354CE97236}.Release|Any CPU.Build.0 = Release|Any CPU
		{037818CE-9491-475F-A0FC-256D40FF518A}.Debug|Any CPU.ActiveCfg = Debug|Any CPU
		{037818CE-9491-475F-A0FC-256D40FF518A}.Debug|Any CPU.Build.0 = Debug|Any CPU
		{037818CE-9491-475F-A0FC-256D40FF518A}.Release|Any CPU.ActiveCfg = Release|Any CPU
		{037818CE-9491-475F-A0FC-256D40FF518A}.Release|Any CPU.Build.0 = Release|Any CPU
		{B0D41C65-8F9F-427E-8B0D-A5F9380F627A}.Debug|Any CPU.ActiveCfg = Debug|Any CPU
		{B0D41C65-8F9F-427E-8B0D-A5F9380F627A}.Debug|Any CPU.Build.0 = Debug|Any CPU
		{B0D41C65-8F9F-427E-8B0D-A5F9380F627A}.Release|Any CPU.ActiveCfg = Release|Any CPU
		{B0D41C65-8F9F-427E-8B0D-A5F9380F627A}.Release|Any CPU.Build.0 = Release|Any CPU
	EndGlobalSection
EndGlobal
